// !$*UTF8*$!
{
	archiveVersion = 1;
	classes = {
	};
	objectVersion = 46;
	objects = {

/* Begin PBXBuildFile section */
		0E5B309A1ABAC3B8009F6B7B /* main.m in Sources */ = {isa = PBXBuildFile; fileRef = 0E5B30991ABAC3B8009F6B7B /* main.m */; };
		0E5B309D1ABAC3B8009F6B7B /* AppDelegate.m in Sources */ = {isa = PBXBuildFile; fileRef = 0E5B309C1ABAC3B8009F6B7B /* AppDelegate.m */; };
		0E5B30A01ABAC3B8009F6B7B /* ViewController.m in Sources */ = {isa = PBXBuildFile; fileRef = 0E5B309F1ABAC3B8009F6B7B /* ViewController.m */; };
		0E5B30A31ABAC3B8009F6B7B /* Main.storyboard in Resources */ = {isa = PBXBuildFile; fileRef = 0E5B30A11ABAC3B8009F6B7B /* Main.storyboard */; };
		0E5B30A51ABAC3B8009F6B7B /* Images.xcassets in Resources */ = {isa = PBXBuildFile; fileRef = 0E5B30A41ABAC3B8009F6B7B /* Images.xcassets */; };
		0E5B30A81ABAC3B8009F6B7B /* LaunchScreen.xib in Resources */ = {isa = PBXBuildFile; fileRef = 0E5B30A61ABAC3B8009F6B7B /* LaunchScreen.xib */; };
		0E5B30B41ABAC3B8009F6B7B /* SimpleStoryboardTests.m in Sources */ = {isa = PBXBuildFile; fileRef = 0E5B30B31ABAC3B8009F6B7B /* SimpleStoryboardTests.m */; };
		0E5B30BF1ABBE538009F6B7B /* TaskListTableViewController.m in Sources */ = {isa = PBXBuildFile; fileRef = 0E5B30BE1ABBE538009F6B7B /* TaskListTableViewController.m */; };
		0E5B30C11ABBECA1009F6B7B /* TaskList.plist in Resources */ = {isa = PBXBuildFile; fileRef = 0E5B30C01ABBECA1009F6B7B /* TaskList.plist */; };
		0E5B30C41ABC143C009F6B7B /* StaticCellTableViewController.m in Sources */ = {isa = PBXBuildFile; fileRef = 0E5B30C31ABC143C009F6B7B /* StaticCellTableViewController.m */; };
		0E5B30C71ABC1EC0009F6B7B /* StoryboardViewController.m in Sources */ = {isa = PBXBuildFile; fileRef = 0E5B30C61ABC1EC0009F6B7B /* StoryboardViewController.m */; };
		0E5B30CA1ABC2E02009F6B7B /* TaskDetailViewController.m in Sources */ = {isa = PBXBuildFile; fileRef = 0E5B30C91ABC2E02009F6B7B /* TaskDetailViewController.m */; };
/* End PBXBuildFile section */

/* Begin PBXContainerItemProxy section */
		0E5B30AE1ABAC3B8009F6B7B /* PBXContainerItemProxy */ = {
			isa = PBXContainerItemProxy;
			containerPortal = 0E5B308C1ABAC3B8009F6B7B /* Project object */;
			proxyType = 1;
			remoteGlobalIDString = 0E5B30931ABAC3B8009F6B7B;
			remoteInfo = SimpleStoryboard;
		};
/* End PBXContainerItemProxy section */

/* Begin PBXFileReference section */
		0E5B30941ABAC3B8009F6B7B /* SimpleStoryboard.app */ = {isa = PBXFileReference; explicitFileType = wrapper.application; includeInIndex = 0; path = SimpleStoryboard.app; sourceTree = BUILT_PRODUCTS_DIR; };
		0E5B30981ABAC3B8009F6B7B /* Info.plist */ = {isa = PBXFileReference; lastKnownFileType = text.plist.xml; path = Info.plist; sourceTree = "<group>"; };
		0E5B30991ABAC3B8009F6B7B /* main.m */ = {isa = PBXFileReference; lastKnownFileType = sourcecode.c.objc; path = main.m; sourceTree = "<group>"; };
		0E5B309B1ABAC3B8009F6B7B /* AppDelegate.h */ = {isa = PBXFileReference; lastKnownFileType = sourcecode.c.h; path = AppDelegate.h; sourceTree = "<group>"; };
		0E5B309C1ABAC3B8009F6B7B /* AppDelegate.m */ = {isa = PBXFileReference; lastKnownFileType = sourcecode.c.objc; path = AppDelegate.m; sourceTree = "<group>"; };
		0E5B309E1ABAC3B8009F6B7B /* ViewController.h */ = {isa = PBXFileReference; lastKnownFileType = sourcecode.c.h; path = ViewController.h; sourceTree = "<group>"; };
		0E5B309F1ABAC3B8009F6B7B /* ViewController.m */ = {isa = PBXFileReference; lastKnownFileType = sourcecode.c.objc; path = ViewController.m; sourceTree = "<group>"; };
		0E5B30A21ABAC3B8009F6B7B /* Base */ = {isa = PBXFileReference; lastKnownFileType = file.storyboard; name = Base; path = Base.lproj/Main.storyboard; sourceTree = "<group>"; };
		0E5B30A41ABAC3B8009F6B7B /* Images.xcassets */ = {isa = PBXFileReference; lastKnownFileType = folder.assetcatalog; path = Images.xcassets; sourceTree = "<group>"; };
		0E5B30A71ABAC3B8009F6B7B /* Base */ = {isa = PBXFileReference; lastKnownFileType = file.xib; name = Base; path = Base.lproj/LaunchScreen.xib; sourceTree = "<group>"; };
		0E5B30AD1ABAC3B8009F6B7B /* SimpleStoryboardTests.xctest */ = {isa = PBXFileReference; explicitFileType = wrapper.cfbundle; includeInIndex = 0; path = SimpleStoryboardTests.xctest; sourceTree = BUILT_PRODUCTS_DIR; };
		0E5B30B21ABAC3B8009F6B7B /* Info.plist */ = {isa = PBXFileReference; lastKnownFileType = text.plist.xml; path = Info.plist; sourceTree = "<group>"; };
		0E5B30B31ABAC3B8009F6B7B /* SimpleStoryboardTests.m */ = {isa = PBXFileReference; lastKnownFileType = sourcecode.c.objc; path = SimpleStoryboardTests.m; sourceTree = "<group>"; };
		0E5B30BD1ABBE538009F6B7B /* TaskListTableViewController.h */ = {isa = PBXFileReference; fileEncoding = 4; lastKnownFileType = sourcecode.c.h; path = TaskListTableViewController.h; sourceTree = "<group>"; };
		0E5B30BE1ABBE538009F6B7B /* TaskListTableViewController.m */ = {isa = PBXFileReference; fileEncoding = 4; lastKnownFileType = sourcecode.c.objc; path = TaskListTableViewController.m; sourceTree = "<group>"; };
		0E5B30C01ABBECA1009F6B7B /* TaskList.plist */ = {isa = PBXFileReference; fileEncoding = 4; lastKnownFileType = text.plist.xml; path = TaskList.plist; sourceTree = "<group>"; };
		0E5B30C21ABC143C009F6B7B /* StaticCellTableViewController.h */ = {isa = PBXFileReference; fileEncoding = 4; lastKnownFileType = sourcecode.c.h; path = StaticCellTableViewController.h; sourceTree = "<group>"; };
		0E5B30C31ABC143C009F6B7B /* StaticCellTableViewController.m */ = {isa = PBXFileReference; fileEncoding = 4; lastKnownFileType = sourcecode.c.objc; path = StaticCellTableViewController.m; sourceTree = "<group>"; };
		0E5B30C51ABC1EC0009F6B7B /* StoryboardViewController.h */ = {isa = PBXFileReference; fileEncoding = 4; lastKnownFileType = sourcecode.c.h; path = StoryboardViewController.h; sourceTree = "<group>"; };
		0E5B30C61ABC1EC0009F6B7B /* StoryboardViewController.m */ = {isa = PBXFileReference; fileEncoding = 4; lastKnownFileType = sourcecode.c.objc; path = StoryboardViewController.m; sourceTree = "<group>"; };
		0E5B30C81ABC2E02009F6B7B /* TaskDetailViewController.h */ = {isa = PBXFileReference; fileEncoding = 4; lastKnownFileType = sourcecode.c.h; path = TaskDetailViewController.h; sourceTree = "<group>"; };
		0E5B30C91ABC2E02009F6B7B /* TaskDetailViewController.m */ = {isa = PBXFileReference; fileEncoding = 4; lastKnownFileType = sourcecode.c.objc; path = TaskDetailViewController.m; sourceTree = "<group>"; };
/* End PBXFileReference section */

/* Begin PBXFrameworksBuildPhase section */
		0E5B30911ABAC3B8009F6B7B /* Frameworks */ = {
			isa = PBXFrameworksBuildPhase;
			buildActionMask = 2147483647;
			files = (
			);
			runOnlyForDeploymentPostprocessing = 0;
		};
		0E5B30AA1ABAC3B8009F6B7B /* Frameworks */ = {
			isa = PBXFrameworksBuildPhase;
			buildActionMask = 2147483647;
			files = (
			);
			runOnlyForDeploymentPostprocessing = 0;
		};
/* End PBXFrameworksBuildPhase section */

/* Begin PBXGroup section */
		0E5B308B1ABAC3B8009F6B7B = {
			isa = PBXGroup;
			children = (
				0E5B30961ABAC3B8009F6B7B /* SimpleStoryboard */,
				0E5B30B01ABAC3B8009F6B7B /* SimpleStoryboardTests */,
				0E5B30951ABAC3B8009F6B7B /* Products */,
			);
			sourceTree = "<group>";
		};
		0E5B30951ABAC3B8009F6B7B /* Products */ = {
			isa = PBXGroup;
			children = (
				0E5B30941ABAC3B8009F6B7B /* SimpleStoryboard.app */,
				0E5B30AD1ABAC3B8009F6B7B /* SimpleStoryboardTests.xctest */,
			);
			name = Products;
			sourceTree = "<group>";
		};
		0E5B30961ABAC3B8009F6B7B /* SimpleStoryboard */ = {
			isa = PBXGroup;
			children = (
				0E5B309B1ABAC3B8009F6B7B /* AppDelegate.h */,
				0E5B309C1ABAC3B8009F6B7B /* AppDelegate.m */,
				0E5B309E1ABAC3B8009F6B7B /* ViewController.h */,
				0E5B309F1ABAC3B8009F6B7B /* ViewController.m */,
				0E5B30A11ABAC3B8009F6B7B /* Main.storyboard */,
				0E5B30A41ABAC3B8009F6B7B /* Images.xcassets */,
				0E5B30A61ABAC3B8009F6B7B /* LaunchScreen.xib */,
				0E5B30971ABAC3B8009F6B7B /* Supporting Files */,
				0E5B30BD1ABBE538009F6B7B /* TaskListTableViewController.h */,
				0E5B30BE1ABBE538009F6B7B /* TaskListTableViewController.m */,
				0E5B30C21ABC143C009F6B7B /* StaticCellTableViewController.h */,
				0E5B30C31ABC143C009F6B7B /* StaticCellTableViewController.m */,
				0E5B30C51ABC1EC0009F6B7B /* StoryboardViewController.h */,
				0E5B30C61ABC1EC0009F6B7B /* StoryboardViewController.m */,
				0E5B30C81ABC2E02009F6B7B /* TaskDetailViewController.h */,
				0E5B30C91ABC2E02009F6B7B /* TaskDetailViewController.m */,
			);
			path = SimpleStoryboard;
			sourceTree = "<group>";
		};
		0E5B30971ABAC3B8009F6B7B /* Supporting Files */ = {
			isa = PBXGroup;
			children = (
				0E5B30981ABAC3B8009F6B7B /* Info.plist */,
				0E5B30991ABAC3B8009F6B7B /* main.m */,
				0E5B30C01ABBECA1009F6B7B /* TaskList.plist */,
			);
			name = "Supporting Files";
			sourceTree = "<group>";
		};
		0E5B30B01ABAC3B8009F6B7B /* SimpleStoryboardTests */ = {
			isa = PBXGroup;
			children = (
				0E5B30B31ABAC3B8009F6B7B /* SimpleStoryboardTests.m */,
				0E5B30B11ABAC3B8009F6B7B /* Supporting Files */,
			);
			path = SimpleStoryboardTests;
			sourceTree = "<group>";
		};
		0E5B30B11ABAC3B8009F6B7B /* Supporting Files */ = {
			isa = PBXGroup;
			children = (
				0E5B30B21ABAC3B8009F6B7B /* Info.plist */,
			);
			name = "Supporting Files";
			sourceTree = "<group>";
		};
/* End PBXGroup section */

/* Begin PBXNativeTarget section */
		0E5B30931ABAC3B8009F6B7B /* SimpleStoryboard */ = {
			isa = PBXNativeTarget;
			buildConfigurationList = 0E5B30B71ABAC3B8009F6B7B /* Build configuration list for PBXNativeTarget "SimpleStoryboard" */;
			buildPhases = (
				0E5B30901ABAC3B8009F6B7B /* Sources */,
				0E5B30911ABAC3B8009F6B7B /* Frameworks */,
				0E5B30921ABAC3B8009F6B7B /* Resources */,
			);
			buildRules = (
			);
			dependencies = (
			);
			name = SimpleStoryboard;
			productName = SimpleStoryboard;
			productReference = 0E5B30941ABAC3B8009F6B7B /* SimpleStoryboard.app */;
			productType = "com.apple.product-type.application";
		};
		0E5B30AC1ABAC3B8009F6B7B /* SimpleStoryboardTests */ = {
			isa = PBXNativeTarget;
			buildConfigurationList = 0E5B30BA1ABAC3B8009F6B7B /* Build configuration list for PBXNativeTarget "SimpleStoryboardTests" */;
			buildPhases = (
				0E5B30A91ABAC3B8009F6B7B /* Sources */,
				0E5B30AA1ABAC3B8009F6B7B /* Frameworks */,
				0E5B30AB1ABAC3B8009F6B7B /* Resources */,
			);
			buildRules = (
			);
			dependencies = (
				0E5B30AF1ABAC3B8009F6B7B /* PBXTargetDependency */,
			);
			name = SimpleStoryboardTests;
			productName = SimpleStoryboardTests;
			productReference = 0E5B30AD1ABAC3B8009F6B7B /* SimpleStoryboardTests.xctest */;
			productType = "com.apple.product-type.bundle.unit-test";
		};
/* End PBXNativeTarget section */

/* Begin PBXProject section */
		0E5B308C1ABAC3B8009F6B7B /* Project object */ = {
			isa = PBXProject;
			attributes = {
				LastUpgradeCheck = 0610;
				ORGANIZATIONNAME = NiYao;
				TargetAttributes = {
					0E5B30931ABAC3B8009F6B7B = {
						CreatedOnToolsVersion = 6.1.1;
					};
					0E5B30AC1ABAC3B8009F6B7B = {
						CreatedOnToolsVersion = 6.1.1;
						TestTargetID = 0E5B30931ABAC3B8009F6B7B;
					};
				};
			};
			buildConfigurationList = 0E5B308F1ABAC3B8009F6B7B /* Build configuration list for PBXProject "SimpleStoryboard" */;
			compatibilityVersion = "Xcode 3.2";
			developmentRegion = English;
			hasScannedForEncodings = 0;
			knownRegions = (
				en,
				Base,
			);
			mainGroup = 0E5B308B1ABAC3B8009F6B7B;
			productRefGroup = 0E5B30951ABAC3B8009F6B7B /* Products */;
			projectDirPath = "";
			projectRoot = "";
			targets = (
				0E5B30931ABAC3B8009F6B7B /* SimpleStoryboard */,
				0E5B30AC1ABAC3B8009F6B7B /* SimpleStoryboardTests */,
			);
		};
/* End PBXProject section */

/* Begin PBXResourcesBuildPhase section */
		0E5B30921ABAC3B8009F6B7B /* Resources */ = {
			isa = PBXResourcesBuildPhase;
			buildActionMask = 2147483647;
			files = (
				0E5B30A31ABAC3B8009F6B7B /* Main.storyboard in Resources */,
				0E5B30A81ABAC3B8009F6B7B /* LaunchScreen.xib in Resources */,
				0E5B30A51ABAC3B8009F6B7B /* Images.xcassets in Resources */,
				0E5B30C11ABBECA1009F6B7B /* TaskList.plist in Resources */,
			);
			runOnlyForDeploymentPostprocessing = 0;
		};
		0E5B30AB1ABAC3B8009F6B7B /* Resources */ = {
			isa = PBXResourcesBuildPhase;
			buildActionMask = 2147483647;
			files = (
			);
			runOnlyForDeploymentPostprocessing = 0;
		};
/* End PBXResourcesBuildPhase section */

/* Begin PBXSourcesBuildPhase section */
		0E5B30901ABAC3B8009F6B7B /* Sources */ = {
			isa = PBXSourcesBuildPhase;
			buildActionMask = 2147483647;
			files = (
				0E5B30C41ABC143C009F6B7B /* StaticCellTableViewController.m in Sources */,
				0E5B30A01ABAC3B8009F6B7B /* ViewController.m in Sources */,
				0E5B309D1ABAC3B8009F6B7B /* AppDelegate.m in Sources */,
				0E5B30CA1ABC2E02009F6B7B /* TaskDetailViewController.m in Sources */,
				0E5B30C71ABC1EC0009F6B7B /* StoryboardViewController.m in Sources */,
				0E5B30BF1ABBE538009F6B7B /* TaskListTableViewController.m in Sources */,
				0E5B309A1ABAC3B8009F6B7B /* main.m in Sources */,
			);
			runOnlyForDeploymentPostprocessing = 0;
		};
		0E5B30A91ABAC3B8009F6B7B /* Sources */ = {
			isa = PBXSourcesBuildPhase;
			buildActionMask = 2147483647;
			files = (
				0E5B30B41ABAC3B8009F6B7B /* SimpleStoryboardTests.m in Sources */,
			);
			runOnlyForDeploymentPostprocessing = 0;
		};
/* End PBXSourcesBuildPhase section */

/* Begin PBXTargetDependency section */
		0E5B30AF1ABAC3B8009F6B7B /* PBXTargetDependency */ = {
			isa = PBXTargetDependency;
			target = 0E5B30931ABAC3B8009F6B7B /* SimpleStoryboard */;
			targetProxy = 0E5B30AE1ABAC3B8009F6B7B /* PBXContainerItemProxy */;
		};
/* End PBXTargetDependency section */

/* Begin PBXVariantGroup section */
		0E5B30A11ABAC3B8009F6B7B /* Main.storyboard */ = {
			isa = PBXVariantGroup;
			children = (
				0E5B30A21ABAC3B8009F6B7B /* Base */,
			);
			name = Main.storyboard;
			sourceTree = "<group>";
		};
		0E5B30A61ABAC3B8009F6B7B /* LaunchScreen.xib */ = {
			isa = PBXVariantGroup;
			children = (
				0E5B30A71ABAC3B8009F6B7B /* Base */,
			);
			name = LaunchScreen.xib;
			sourceTree = "<group>";
		};
/* End PBXVariantGroup section */

/* Begin XCBuildConfiguration section */
		0E5B30B51ABAC3B8009F6B7B /* Debug */ = {
			isa = XCBuildConfiguration;
			buildSettings = {
				ALWAYS_SEARCH_USER_PATHS = NO;
				CLANG_CXX_LANGUAGE_STANDARD = "gnu++0x";
				CLANG_CXX_LIBRARY = "libc++";
				CLANG_ENABLE_MODULES = YES;
				CLANG_ENABLE_OBJC_ARC = YES;
				CLANG_WARN_BOOL_CONVERSION = YES;
				CLANG_WARN_CONSTANT_CONVERSION = YES;
				CLANG_WARN_DIRECT_OBJC_ISA_USAGE = YES_ERROR;
				CLANG_WARN_EMPTY_BODY = YES;
				CLANG_WARN_ENUM_CONVERSION = YES;
				CLANG_WARN_INT_CONVERSION = YES;
				CLANG_WARN_OBJC_ROOT_CLASS = YES_ERROR;
				CLANG_WARN_UNREACHABLE_CODE = YES;
				CLANG_WARN__DUPLICATE_METHOD_MATCH = YES;
				"CODE_SIGN_IDENTITY[sdk=iphoneos*]" = "";
				COPY_PHASE_STRIP = NO;
				ENABLE_STRICT_OBJC_MSGSEND = YES;
				GCC_C_LANGUAGE_STANDARD = gnu99;
				GCC_DYNAMIC_NO_PIC = NO;
				GCC_OPTIMIZATION_LEVEL = 0;
				GCC_PREPROCESSOR_DEFINITIONS = (
					"DEBUG=1",
					"$(inherited)",
				);
				GCC_SYMBOLS_PRIVATE_EXTERN = NO;
				GCC_WARN_64_TO_32_BIT_CONVERSION = YES;
				GCC_WARN_ABOUT_RETURN_TYPE = YES_ERROR;
				GCC_WARN_UNDECLARED_SELECTOR = YES;
				GCC_WARN_UNINITIALIZED_AUTOS = YES_AGGRESSIVE;
				GCC_WARN_UNUSED_FUNCTION = YES;
				GCC_WARN_UNUSED_VARIABLE = YES;
				IPHONEOS_DEPLOYMENT_TARGET = 7.1;
				MTL_ENABLE_DEBUG_INFO = YES;
				ONLY_ACTIVE_ARCH = YES;
				SDKROOT = iphoneos;
			};
			name = Debug;
		};
		0E5B30B61ABAC3B8009F6B7B /* Release */ = {
			isa = XCBuildConfiguration;
			buildSettings = {
				ALWAYS_SEARCH_USER_PATHS = NO;
				CLANG_CXX_LANGUAGE_STANDARD = "gnu++0x";
				CLANG_CXX_LIBRARY = "libc++";
				CLANG_ENABLE_MODULES = YES;
				CLANG_ENABLE_OBJC_ARC = YES;
				CLANG_WARN_BOOL_CONVERSION = YES;
				CLANG_WARN_CONSTANT_CONVERSION = YES;
				CLANG_WARN_DIRECT_OBJC_ISA_USAGE = YES_ERROR;
				CLANG_WARN_EMPTY_BODY = YES;
				CLANG_WARN_ENUM_CONVERSION = YES;
				CLANG_WARN_INT_CONVERSION = YES;
				CLANG_WARN_OBJC_ROOT_CLASS = YES_ERROR;
				CLANG_WARN_UNREACHABLE_CODE = YES;
				CLANG_WARN__DUPLICATE_METHOD_MATCH = YES;
				"CODE_SIGN_IDENTITY[sdk=iphoneos*]" = "";
				COPY_PHASE_STRIP = YES;
				ENABLE_NS_ASSERTIONS = NO;
				ENABLE_STRICT_OBJC_MSGSEND = YES;
				GCC_C_LANGUAGE_STANDARD = gnu99;
				GCC_WARN_64_TO_32_BIT_CONVERSION = YES;
				GCC_WARN_ABOUT_RETURN_TYPE = YES_ERROR;
				GCC_WARN_UNDECLARED_SELECTOR = YES;
				GCC_WARN_UNINITIALIZED_AUTOS = YES_AGGRESSIVE;
				GCC_WARN_UNUSED_FUNCTION = YES;
				GCC_WARN_UNUSED_VARIABLE = YES;
				IPHONEOS_DEPLOYMENT_TARGET = 7.1;
				MTL_ENABLE_DEBUG_INFO = NO;
				SDKROOT = iphoneos;
				VALIDATE_PRODUCT = YES;
			};
			name = Release;
		};
		0E5B30B81ABAC3B8009F6B7B /* Debug */ = {
			isa = XCBuildConfiguration;
			buildSettings = {
				ASSETCATALOG_COMPILER_APPICON_NAME = AppIcon;
				INFOPLIST_FILE = SimpleStoryboard/Info.plist;
				LD_RUNPATH_SEARCH_PATHS = "$(inherited) @executable_path/Frameworks";
				PRODUCT_NAME = "$(TARGET_NAME)";
			};
			name = Debug;
		};
		0E5B30B91ABAC3B8009F6B7B /* Release */ = {
			isa = XCBuildConfiguration;
			buildSettings = {
				ASSETCATALOG_COMPILER_APPICON_NAME = AppIcon;
				INFOPLIST_FILE = SimpleStoryboard/Info.plist;
				LD_RUNPATH_SEARCH_PATHS = "$(inherited) @executable_path/Frameworks";
				PRODUCT_NAME = "$(TARGET_NAME)";
			};
			name = Release;
		};
		0E5B30BB1ABAC3B8009F6B7B /* Debug */ = {
			isa = XCBuildConfiguration;
			buildSettings = {
				BUNDLE_LOADER = "$(TEST_HOST)";
				FRAMEWORK_SEARCH_PATHS = (
					"$(SDKROOT)/Developer/Library/Frameworks",
					"$(inherited)",
				);
				GCC_PREPROCESSOR_DEFINITIONS = (
					"DEBUG=1",
					"$(inherited)",
				);
				INFOPLIST_FILE = SimpleStoryboardTests/Info.plist;
				LD_RUNPATH_SEARCH_PATHS = "$(inherited) @executable_path/Frameworks @loader_path/Frameworks";
				PRODUCT_NAME = "$(TARGET_NAME)";
				TEST_HOST = "$(BUILT_PRODUCTS_DIR)/SimpleStoryboard.app/SimpleStoryboard";
			};
			name = Debug;
		};
		0E5B30BC1ABAC3B8009F6B7B /* Release */ = {
			isa = XCBuildConfiguration;
			buildSettings = {
				BUNDLE_LOADER = "$(TEST_HOST)";
				FRAMEWORK_SEARCH_PATHS = (
					"$(SDKROOT)/Developer/Library/Frameworks",
					"$(inherited)",
				);
				INFOPLIST_FILE = SimpleStoryboardTests/Info.plist;
				LD_RUNPATH_SEARCH_PATHS = "$(inherited) @executable_path/Frameworks @loader_path/Frameworks";
				PRODUCT_NAME = "$(TARGET_NAME)";
				TEST_HOST = "$(BUILT_PRODUCTS_DIR)/SimpleStoryboard.app/SimpleStoryboard";
			};
			name = Release;
		};
/* End XCBuildConfiguration section */

/* Begin XCConfigurationList section */
		0E5B308F1ABAC3B8009F6B7B /* Build configuration list for PBXProject "SimpleStoryboard" */ = {
			isa = XCConfigurationList;
			buildConfigurations = (
				0E5B30B51ABAC3B8009F6B7B /* Debug */,
				0E5B30B61ABAC3B8009F6B7B /* Release */,
			);
			defaultConfigurationIsVisible = 0;
			defaultConfigurationName = Release;
		};
		0E5B30B71ABAC3B8009F6B7B /* Build configuration list for PBXNativeTarget "SimpleStoryboard" */ = {
			isa = XCConfigurationList;
			buildConfigurations = (
				0E5B30B81ABAC3B8009F6B7B /* Debug */,
				0E5B30B91ABAC3B8009F6B7B /* Release */,
			);
			defaultConfigurationIsVisible = 0;
		};
		0E5B30BA1ABAC3B8009F6B7B /* Build configuration list for PBXNativeTarget "SimpleStoryboardTests" */ = {
			isa = XCConfigurationList;
			buildConfigurations = (
				0E5B30BB1ABAC3B8009F6B7B /* Debug */,
				0E5B30BC1ABAC3B8009F6B7B /* Release */,
			);
			defaultConfigurationIsVisible = 0;
		};
/* End XCConfigurationList section */
	};
	rootObject = 0E5B308C1ABAC3B8009F6B7B /* Project object */;
}
